
Microsoft Visual Studio Solution File, Format Version 12.00
# Visual Studio Version 16
VisualStudioVersion = 16.0.31624.102
MinimumVisualStudioVersion = 10.0.40219.1
Project("{FAE04EC0-301F-11D3-BF4B-00C04F79EFBC}") = "Tech Project 3 - Marisa Momper", "Tech Project 3 - Marisa Momper.csproj", "{D0A8C9C1-5C12-4A33-BFCA-4C3AB1B4C5DD}"
EndProject
Global
	GlobalSection(SolutionConfigurationPlatforms) = preSolution
		Debug|Any CPU = Debug|Any CPU
		Release|Any CPU = Release|Any CPU
	EndGlobalSection
	GlobalSection(ProjectConfigurationPlatforms) = postSolution
		{D0A8C9C1-5C12-4A33-BFCA-4C3AB1B4C5DD}.Debug|Any CPU.ActiveCfg = Debug|Any CPU
		{D0A8C9C1-5C12-4A33-BFCA-4C3AB1B4C5DD}.Debug|Any CPU.Build.0 = Debug|Any CPU
		{D0A8C9C1-5C12-4A33-BFCA-4C3AB1B4C5DD}.Release|Any CPU.ActiveCfg = Release|Any CPU
		{D0A8C9C1-5C12-4A33-BFCA-4C3AB1B4C5DD}.Release|Any CPU.Build.0 = Release|Any CPU
	EndGlobalSection
	GlobalSection(SolutionProperties) = preSolution
		HideSolutionNode = FALSE
	EndGlobalSection
	GlobalSection(ExtensibilityGlobals) = postSolution
		SolutionGuid = {62C7EBF6-78CA-4682-BDEA-2872E394C459}
	EndGlobalSection
EndGlobal
